
Microsoft Visual Studio Solution File, Format Version 12.00
# Visual Studio 14
VisualStudioVersion = 14.0.25420.1
MinimumVisualStudioVersion = 10.0.40219.1
Project("{FAE04EC0-301F-11D3-BF4B-00C04F79EFBC}") = "AoC08a", "AoC08a\AoC08a.csproj", "{1A1CED03-DD34-4779-B4C8-6B1DD7959407}"
EndProject
Project("{FAE04EC0-301F-11D3-BF4B-00C04F79EFBC}") = "AoC08b", "AoC08b\AoC08b.csproj", "{D5A5788B-24D2-46FB-8E8E-BBEAFFB53D80}"
EndProject
Global
	GlobalSection(SolutionConfigurationPlatforms) = preSolution
		Debug|Any CPU = Debug|Any CPU
		Release|Any CPU = Release|Any CPU
	EndGlobalSection
	GlobalSection(ProjectConfigurationPlatforms) = postSolution
		{1A1CED03-DD34-4779-B4C8-6B1DD7959407}.Debug|Any CPU.ActiveCfg = Debug|Any CPU
		{1A1CED03-DD34-4779-B4C8-6B1DD7959407}.Debug|Any CPU.Build.0 = Debug|Any CPU
		{1A1CED03-DD34-4779-B4C8-6B1DD7959407}.Release|Any CPU.ActiveCfg = Release|Any CPU
		{1A1CED03-DD34-4779-B4C8-6B1DD7959407}.Release|Any CPU.Build.0 = Release|Any CPU
		{D5A5788B-24D2-46FB-8E8E-BBEAFFB53D80}.Debug|Any CPU.ActiveCfg = Debug|Any CPU
		{D5A5788B-24D2-46FB-8E8E-BBEAFFB53D80}.Debug|Any CPU.Build.0 = Debug|Any CPU
		{D5A5788B-24D2-46FB-8E8E-BBEAFFB53D80}.Release|Any CPU.ActiveCfg = Release|Any CPU
		{D5A5788B-24D2-46FB-8E8E-BBEAFFB53D80}.Release|Any CPU.Build.0 = Release|Any CPU
	EndGlobalSection
	GlobalSection(SolutionProperties) = preSolution
		HideSolutionNode = FALSE
	EndGlobalSection
EndGlobal
